// !$*UTF8*$!
{
	archiveVersion = 1;
	classes = {
	};
	objectVersion = 46;
	objects = {

/* Begin PBXBuildFile section */
		6AB860CB1965542A00E003D3 /* Foundation.framework in Frameworks */ = {isa = PBXBuildFile; fileRef = 6AB860CA1965542A00E003D3 /* Foundation.framework */; };
		6AB860CD1965542A00E003D3 /* CoreGraphics.framework in Frameworks */ = {isa = PBXBuildFile; fileRef = 6AB860CC1965542A00E003D3 /* CoreGraphics.framework */; };
		6AB860CF1965542A00E003D3 /* UIKit.framework in Frameworks */ = {isa = PBXBuildFile; fileRef = 6AB860CE1965542A00E003D3 /* UIKit.framework */; };
		6AB860D51965542A00E003D3 /* InfoPlist.strings in Resources */ = {isa = PBXBuildFile; fileRef = 6AB860D31965542A00E003D3 /* InfoPlist.strings */; };
		6AB860D71965542A00E003D3 /* main.m in Sources */ = {isa = PBXBuildFile; fileRef = 6AB860D61965542A00E003D3 /* main.m */; };
		6AB860DB1965542A00E003D3 /* AppDelegate.m in Sources */ = {isa = PBXBuildFile; fileRef = 6AB860DA1965542A00E003D3 /* AppDelegate.m */; };
		6AB860DE1965542A00E003D3 /* Main.storyboard in Resources */ = {isa = PBXBuildFile; fileRef = 6AB860DC1965542A00E003D3 /* Main.storyboard */; };
		6AB860E41965542A00E003D3 /* ViewController.m in Sources */ = {isa = PBXBuildFile; fileRef = 6AB860E31965542A00E003D3 /* ViewController.m */; };
		6AB860E61965542A00E003D3 /* Images.xcassets in Resources */ = {isa = PBXBuildFile; fileRef = 6AB860E51965542A00E003D3 /* Images.xcassets */; };
		6AB860ED1965542A00E003D3 /* XCTest.framework in Frameworks */ = {isa = PBXBuildFile; fileRef = 6AB860EC1965542A00E003D3 /* XCTest.framework */; };
		6AB860EE1965542A00E003D3 /* Foundation.framework in Frameworks */ = {isa = PBXBuildFile; fileRef = 6AB860CA1965542A00E003D3 /* Foundation.framework */; };
		6AB860EF1965542A00E003D3 /* UIKit.framework in Frameworks */ = {isa = PBXBuildFile; fileRef = 6AB860CE1965542A00E003D3 /* UIKit.framework */; };
		6AB860F71965542A00E003D3 /* InfoPlist.strings in Resources */ = {isa = PBXBuildFile; fileRef = 6AB860F51965542A00E003D3 /* InfoPlist.strings */; };
		6AB860F91965542A00E003D3 /* PolygoneTests.m in Sources */ = {isa = PBXBuildFile; fileRef = 6AB860F81965542A00E003D3 /* PolygoneTests.m */; };
/* End PBXBuildFile section */

/* Begin PBXContainerItemProxy section */
		6AB860F01965542A00E003D3 /* PBXContainerItemProxy */ = {
			isa = PBXContainerItemProxy;
			containerPortal = 6AB860BF1965542A00E003D3 /* Project object */;
			proxyType = 1;
			remoteGlobalIDString = 6AB860C61965542A00E003D3;
			remoteInfo = Polygone;
		};
/* End PBXContainerItemProxy section */

/* Begin PBXFileReference section */
		6AB860C71965542A00E003D3 /* Polygone.app */ = {isa = PBXFileReference; explicitFileType = wrapper.application; includeInIndex = 0; path = Polygone.app; sourceTree = BUILT_PRODUCTS_DIR; };
		6AB860CA1965542A00E003D3 /* Foundation.framework */ = {isa = PBXFileReference; lastKnownFileType = wrapper.framework; name = Foundation.framework; path = System/Library/Frameworks/Foundation.framework; sourceTree = SDKROOT; };
		6AB860CC1965542A00E003D3 /* CoreGraphics.framework */ = {isa = PBXFileReference; lastKnownFileType = wrapper.framework; name = CoreGraphics.framework; path = System/Library/Frameworks/CoreGraphics.framework; sourceTree = SDKROOT; };
		6AB860CE1965542A00E003D3 /* UIKit.framework */ = {isa = PBXFileReference; lastKnownFileType = wrapper.framework; name = UIKit.framework; path = System/Library/Frameworks/UIKit.framework; sourceTree = SDKROOT; };
		6AB860D21965542A00E003D3 /* Polygone-Info.plist */ = {isa = PBXFileReference; lastKnownFileType = text.plist.xml; path = "Polygone-Info.plist"; sourceTree = "<group>"; };
		6AB860D41965542A00E003D3 /* en */ = {isa = PBXFileReference; lastKnownFileType = text.plist.strings; name = en; path = en.lproj/InfoPlist.strings; sourceTree = "<group>"; };
		6AB860D61965542A00E003D3 /* main.m */ = {isa = PBXFileReference; lastKnownFileType = sourcecode.c.objc; path = main.m; sourceTree = "<group>"; };
		6AB860D81965542A00E003D3 /* Polygone-Prefix.pch */ = {isa = PBXFileReference; lastKnownFileType = sourcecode.c.h; path = "Polygone-Prefix.pch"; sourceTree = "<group>"; };
		6AB860D91965542A00E003D3 /* AppDelegate.h */ = {isa = PBXFileReference; lastKnownFileType = sourcecode.c.h; path = AppDelegate.h; sourceTree = "<group>"; };
		6AB860DA1965542A00E003D3 /* AppDelegate.m */ = {isa = PBXFileReference; lastKnownFileType = sourcecode.c.objc; path = AppDelegate.m; sourceTree = "<group>"; };
		6AB860DD1965542A00E003D3 /* Base */ = {isa = PBXFileReference; lastKnownFileType = file.storyboard; name = Base; path = Base.lproj/Main.storyboard; sourceTree = "<group>"; };
		6AB860E21965542A00E003D3 /* ViewController.h */ = {isa = PBXFileReference; lastKnownFileType = sourcecode.c.h; path = ViewController.h; sourceTree = "<group>"; };
		6AB860E31965542A00E003D3 /* ViewController.m */ = {isa = PBXFileReference; lastKnownFileType = sourcecode.c.objc; path = ViewController.m; sourceTree = "<group>"; };
		6AB860E51965542A00E003D3 /* Images.xcassets */ = {isa = PBXFileReference; lastKnownFileType = folder.assetcatalog; path = Images.xcassets; sourceTree = "<group>"; };
		6AB860EB1965542A00E003D3 /* PolygoneTests.xctest */ = {isa = PBXFileReference; explicitFileType = wrapper.cfbundle; includeInIndex = 0; path = PolygoneTests.xctest; sourceTree = BUILT_PRODUCTS_DIR; };
		6AB860EC1965542A00E003D3 /* XCTest.framework */ = {isa = PBXFileReference; lastKnownFileType = wrapper.framework; name = XCTest.framework; path = Library/Frameworks/XCTest.framework; sourceTree = DEVELOPER_DIR; };
		6AB860F41965542A00E003D3 /* PolygoneTests-Info.plist */ = {isa = PBXFileReference; lastKnownFileType = text.plist.xml; path = "PolygoneTests-Info.plist"; sourceTree = "<group>"; };
		6AB860F61965542A00E003D3 /* en */ = {isa = PBXFileReference; lastKnownFileType = text.plist.strings; name = en; path = en.lproj/InfoPlist.strings; sourceTree = "<group>"; };
		6AB860F81965542A00E003D3 /* PolygoneTests.m */ = {isa = PBXFileReference; lastKnownFileType = sourcecode.c.objc; path = PolygoneTests.m; sourceTree = "<group>"; };
/* End PBXFileReference section */

/* Begin PBXFrameworksBuildPhase section */
		6AB860C41965542A00E003D3 /* Frameworks */ = {
			isa = PBXFrameworksBuildPhase;
			buildActionMask = 2147483647;
			files = (
				6AB860CD1965542A00E003D3 /* CoreGraphics.framework in Frameworks */,
				6AB860CF1965542A00E003D3 /* UIKit.framework in Frameworks */,
				6AB860CB1965542A00E003D3 /* Foundation.framework in Frameworks */,
			);
			runOnlyForDeploymentPostprocessing = 0;
		};
		6AB860E81965542A00E003D3 /* Frameworks */ = {
			isa = PBXFrameworksBuildPhase;
			buildActionMask = 2147483647;
			files = (
				6AB860ED1965542A00E003D3 /* XCTest.framework in Frameworks */,
				6AB860EF1965542A00E003D3 /* UIKit.framework in Frameworks */,
				6AB860EE1965542A00E003D3 /* Foundation.framework in Frameworks */,
			);
			runOnlyForDeploymentPostprocessing = 0;
		};
/* End PBXFrameworksBuildPhase section */

/* Begin PBXGroup section */
		6AB860BE1965542A00E003D3 = {
			isa = PBXGroup;
			children = (
				6AB860D01965542A00E003D3 /* Polygone */,
				6AB860F21965542A00E003D3 /* PolygoneTests */,
				6AB860C91965542A00E003D3 /* Frameworks */,
				6AB860C81965542A00E003D3 /* Products */,
			);
			sourceTree = "<group>";
		};
		6AB860C81965542A00E003D3 /* Products */ = {
			isa = PBXGroup;
			children = (
				6AB860C71965542A00E003D3 /* Polygone.app */,
				6AB860EB1965542A00E003D3 /* PolygoneTests.xctest */,
			);
			name = Products;
			sourceTree = "<group>";
		};
		6AB860C91965542A00E003D3 /* Frameworks */ = {
			isa = PBXGroup;
			children = (
				6AB860CA1965542A00E003D3 /* Foundation.framework */,
				6AB860CC1965542A00E003D3 /* CoreGraphics.framework */,
				6AB860CE1965542A00E003D3 /* UIKit.framework */,
				6AB860EC1965542A00E003D3 /* XCTest.framework */,
			);
			name = Frameworks;
			sourceTree = "<group>";
		};
		6AB860D01965542A00E003D3 /* Polygone */ = {
			isa = PBXGroup;
			children = (
				6AB860D91965542A00E003D3 /* AppDelegate.h */,
				6AB860DA1965542A00E003D3 /* AppDelegate.m */,
				6AB860DC1965542A00E003D3 /* Main.storyboard */,
				6AB860E21965542A00E003D3 /* ViewController.h */,
				6AB860E31965542A00E003D3 /* ViewController.m */,
				6AB860E51965542A00E003D3 /* Images.xcassets */,
				6AB860D11965542A00E003D3 /* Supporting Files */,
			);
			path = Polygone;
			sourceTree = "<group>";
		};
		6AB860D11965542A00E003D3 /* Supporting Files */ = {
			isa = PBXGroup;
			children = (
				6AB860D21965542A00E003D3 /* Polygone-Info.plist */,
				6AB860D31965542A00E003D3 /* InfoPlist.strings */,
				6AB860D61965542A00E003D3 /* main.m */,
				6AB860D81965542A00E003D3 /* Polygone-Prefix.pch */,
			);
			name = "Supporting Files";
			sourceTree = "<group>";
		};
		6AB860F21965542A00E003D3 /* PolygoneTests */ = {
			isa = PBXGroup;
			children = (
				6AB860F81965542A00E003D3 /* PolygoneTests.m */,
				6AB860F31965542A00E003D3 /* Supporting Files */,
			);
			path = PolygoneTests;
			sourceTree = "<group>";
		};
		6AB860F31965542A00E003D3 /* Supporting Files */ = {
			isa = PBXGroup;
			children = (
				6AB860F41965542A00E003D3 /* PolygoneTests-Info.plist */,
				6AB860F51965542A00E003D3 /* InfoPlist.strings */,
			);
			name = "Supporting Files";
			sourceTree = "<group>";
		};
/* End PBXGroup section */

/* Begin PBXNativeTarget section */
		6AB860C61965542A00E003D3 /* Polygone */ = {
			isa = PBXNativeTarget;
			buildConfigurationList = 6AB860FC1965542A00E003D3 /* Build configuration list for PBXNativeTarget "Polygone" */;
			buildPhases = (
				6AB860C31965542A00E003D3 /* Sources */,
				6AB860C41965542A00E003D3 /* Frameworks */,
				6AB860C51965542A00E003D3 /* Resources */,
			);
			buildRules = (
			);
			dependencies = (
			);
			name = Polygone;
			productName = Polygone;
			productReference = 6AB860C71965542A00E003D3 /* Polygone.app */;
			productType = "com.apple.product-type.application";
		};
		6AB860EA1965542A00E003D3 /* PolygoneTests */ = {
			isa = PBXNativeTarget;
			buildConfigurationList = 6AB860FF1965542A00E003D3 /* Build configuration list for PBXNativeTarget "PolygoneTests" */;
			buildPhases = (
				6AB860E71965542A00E003D3 /* Sources */,
				6AB860E81965542A00E003D3 /* Frameworks */,
				6AB860E91965542A00E003D3 /* Resources */,
			);
			buildRules = (
			);
			dependencies = (
				6AB860F11965542A00E003D3 /* PBXTargetDependency */,
			);
			name = PolygoneTests;
			productName = PolygoneTests;
			productReference = 6AB860EB1965542A00E003D3 /* PolygoneTests.xctest */;
			productType = "com.apple.product-type.bundle.unit-test";
		};
/* End PBXNativeTarget section */

/* Begin PBXProject section */
		6AB860BF1965542A00E003D3 /* Project object */ = {
			isa = PBXProject;
			attributes = {
				LastUpgradeCheck = 0510;
				ORGANIZATIONNAME = Mugiwaranojo;
				TargetAttributes = {
					6AB860EA1965542A00E003D3 = {
						TestTargetID = 6AB860C61965542A00E003D3;
					};
				};
			};
			buildConfigurationList = 6AB860C21965542A00E003D3 /* Build configuration list for PBXProject "Polygone" */;
			compatibilityVersion = "Xcode 3.2";
			developmentRegion = English;
			hasScannedForEncodings = 0;
			knownRegions = (
				en,
				Base,
			);
			mainGroup = 6AB860BE1965542A00E003D3;
			productRefGroup = 6AB860C81965542A00E003D3 /* Products */;
			projectDirPath = "";
			projectRoot = "";
			targets = (
				6AB860C61965542A00E003D3 /* Polygone */,
				6AB860EA1965542A00E003D3 /* PolygoneTests */,
			);
		};
/* End PBXProject section */

/* Begin PBXResourcesBuildPhase section */
		6AB860C51965542A00E003D3 /* Resources */ = {
			isa = PBXResourcesBuildPhase;
			buildActionMask = 2147483647;
			files = (
				6AB860E61965542A00E003D3 /* Images.xcassets in Resources */,
				6AB860DE1965542A00E003D3 /* Main.storyboard in Resources */,
				6AB860D51965542A00E003D3 /* InfoPlist.strings in Resources */,
			);
			runOnlyForDeploymentPostprocessing = 0;
		};
		6AB860E91965542A00E003D3 /* Resources */ = {
			isa = PBXResourcesBuildPhase;
			buildActionMask = 2147483647;
			files = (
				6AB860F71965542A00E003D3 /* InfoPlist.strings in Resources */,
			);
			runOnlyForDeploymentPostprocessing = 0;
		};
/* End PBXResourcesBuildPhase section */

/* Begin PBXSourcesBuildPhase section */
		6AB860C31965542A00E003D3 /* Sources */ = {
			isa = PBXSourcesBuildPhase;
			buildActionMask = 2147483647;
			files = (
				6AB860E41965542A00E003D3 /* ViewController.m in Sources */,
				6AB860DB1965542A00E003D3 /* AppDelegate.m in Sources */,
				6AB860D71965542A00E003D3 /* main.m in Sources */,
			);
			runOnlyForDeploymentPostprocessing = 0;
		};
		6AB860E71965542A00E003D3 /* Sources */ = {
			isa = PBXSourcesBuildPhase;
			buildActionMask = 2147483647;
			files = (
				6AB860F91965542A00E003D3 /* PolygoneTests.m in Sources */,
			);
			runOnlyForDeploymentPostprocessing = 0;
		};
/* End PBXSourcesBuildPhase section */

/* Begin PBXTargetDependency section */
		6AB860F11965542A00E003D3 /* PBXTargetDependency */ = {
			isa = PBXTargetDependency;
			target = 6AB860C61965542A00E003D3 /* Polygone */;
			targetProxy = 6AB860F01965542A00E003D3 /* PBXContainerItemProxy */;
		};
/* End PBXTargetDependency section */

/* Begin PBXVariantGroup section */
		6AB860D31965542A00E003D3 /* InfoPlist.strings */ = {
			isa = PBXVariantGroup;
			children = (
				6AB860D41965542A00E003D3 /* en */,
			);
			name = InfoPlist.strings;
			sourceTree = "<group>";
		};
		6AB860DC1965542A00E003D3 /* Main.storyboard */ = {
			isa = PBXVariantGroup;
			children = (
				6AB860DD1965542A00E003D3 /* Base */,
			);
			name = Main.storyboard;
			sourceTree = "<group>";
		};
		6AB860F51965542A00E003D3 /* InfoPlist.strings */ = {
			isa = PBXVariantGroup;
			children = (
				6AB860F61965542A00E003D3 /* en */,
			);
			name = InfoPlist.strings;
			sourceTree = "<group>";
		};
/* End PBXVariantGroup section */

/* Begin XCBuildConfiguration section */
		6AB860FA1965542A00E003D3 /* Debug */ = {
			isa = XCBuildConfiguration;
			buildSettings = {
				ALWAYS_SEARCH_USER_PATHS = NO;
				CLANG_CXX_LANGUAGE_STANDARD = "gnu++0x";
				CLANG_CXX_LIBRARY = "libc++";
				CLANG_ENABLE_MODULES = YES;
				CLANG_ENABLE_OBJC_ARC = YES;
				CLANG_WARN_BOOL_CONVERSION = YES;
				CLANG_WARN_CONSTANT_CONVERSION = YES;
				CLANG_WARN_DIRECT_OBJC_ISA_USAGE = YES_ERROR;
				CLANG_WARN_EMPTY_BODY = YES;
				CLANG_WARN_ENUM_CONVERSION = YES;
				CLANG_WARN_INT_CONVERSION = YES;
				CLANG_WARN_OBJC_ROOT_CLASS = YES_ERROR;
				CLANG_WARN__DUPLICATE_METHOD_MATCH = YES;
				"CODE_SIGN_IDENTITY[sdk=iphoneos*]" = "iPhone Developer";
				COPY_PHASE_STRIP = NO;
				GCC_C_LANGUAGE_STANDARD = gnu99;
				GCC_DYNAMIC_NO_PIC = NO;
				GCC_OPTIMIZATION_LEVEL = 0;
				GCC_PREPROCESSOR_DEFINITIONS = (
					"DEBUG=1",
					"$(inherited)",
				);
				GCC_SYMBOLS_PRIVATE_EXTERN = NO;
				GCC_WARN_64_TO_32_BIT_CONVERSION = YES;
				GCC_WARN_ABOUT_RETURN_TYPE = YES_ERROR;
				GCC_WARN_UNDECLARED_SELECTOR = YES;
				GCC_WARN_UNINITIALIZED_AUTOS = YES_AGGRESSIVE;
				GCC_WARN_UNUSED_FUNCTION = YES;
				GCC_WARN_UNUSED_VARIABLE = YES;
				IPHONEOS_DEPLOYMENT_TARGET = 7.1;
				ONLY_ACTIVE_ARCH = YES;
				SDKROOT = iphoneos;
				TARGETED_DEVICE_FAMILY = "1,2";
			};
			name = Debug;
		};
		6AB860FB1965542A00E003D3 /* Release */ = {
			isa = XCBuildConfiguration;
			buildSettings = {
				ALWAYS_SEARCH_USER_PATHS = NO;
				CLANG_CXX_LANGUAGE_STANDARD = "gnu++0x";
				CLANG_CXX_LIBRARY = "libc++";
				CLANG_ENABLE_MODULES = YES;
				CLANG_ENABLE_OBJC_ARC = YES;
				CLANG_WARN_BOOL_CONVERSION = YES;
				CLANG_WARN_CONSTANT_CONVERSION = YES;
				CLANG_WARN_DIRECT_OBJC_ISA_USAGE = YES_ERROR;
				CLANG_WARN_EMPTY_BODY = YES;
				CLANG_WARN_ENUM_CONVERSION = YES;
				CLANG_WARN_INT_CONVERSION = YES;
				CLANG_WARN_OBJC_ROOT_CLASS = YES_ERROR;
				CLANG_WARN__DUPLICATE_METHOD_MATCH = YES;
				"CODE_SIGN_IDENTITY[sdk=iphoneos*]" = "iPhone Developer";
				COPY_PHASE_STRIP = YES;
				ENABLE_NS_ASSERTIONS = NO;
				GCC_C_LANGUAGE_STANDARD = gnu99;
				GCC_WARN_64_TO_32_BIT_CONVERSION = YES;
				GCC_WARN_ABOUT_RETURN_TYPE = YES_ERROR;
				GCC_WARN_UNDECLARED_SELECTOR = YES;
				GCC_WARN_UNINITIALIZED_AUTOS = YES_AGGRESSIVE;
				GCC_WARN_UNUSED_FUNCTION = YES;
				GCC_WARN_UNUSED_VARIABLE = YES;
				IPHONEOS_DEPLOYMENT_TARGET = 7.1;
				SDKROOT = iphoneos;
				TARGETED_DEVICE_FAMILY = "1,2";
				VALIDATE_PRODUCT = YES;
			};
			name = Release;
		};
		6AB860FD1965542A00E003D3 /* Debug */ = {
			isa = XCBuildConfiguration;
			buildSettings = {
				ASSETCATALOG_COMPILER_APPICON_NAME = AppIcon;
				ASSETCATALOG_COMPILER_LAUNCHIMAGE_NAME = LaunchImage;
				GCC_PRECOMPILE_PREFIX_HEADER = YES;
				GCC_PREFIX_HEADER = "Polygone/Polygone-Prefix.pch";
				INFOPLIST_FILE = "Polygone/Polygone-Info.plist";
				PRODUCT_NAME = "$(TARGET_NAME)";
				TARGETED_DEVICE_FAMILY = 1;
				WRAPPER_EXTENSION = app;
			};
			name = Debug;
		};
		6AB860FE1965542A00E003D3 /* Release */ = {
			isa = XCBuildConfiguration;
			buildSettings = {
				ASSETCATALOG_COMPILER_APPICON_NAME = AppIcon;
				ASSETCATALOG_COMPILER_LAUNCHIMAGE_NAME = LaunchImage;
				GCC_PRECOMPILE_PREFIX_HEADER = YES;
				GCC_PREFIX_HEADER = "Polygone/Polygone-Prefix.pch";
				INFOPLIST_FILE = "Polygone/Polygone-Info.plist";
				PRODUCT_NAME = "$(TARGET_NAME)";
				TARGETED_DEVICE_FAMILY = 1;
				WRAPPER_EXTENSION = app;
			};
			name = Release;
		};
		6AB861001965542A00E003D3 /* Debug */ = {
			isa = XCBuildConfiguration;
			buildSettings = {
				BUNDLE_LOADER = "$(BUILT_PRODUCTS_DIR)/Polygone.app/Polygone";
				FRAMEWORK_SEARCH_PATHS = (
					"$(SDKROOT)/Developer/Library/Frameworks",
					"$(inherited)",
					"$(DEVELOPER_FRAMEWORKS_DIR)",
				);
				GCC_PRECOMPILE_PREFIX_HEADER = YES;
				GCC_PREFIX_HEADER = "Polygone/Polygone-Prefix.pch";
				GCC_PREPROCESSOR_DEFINITIONS = (
					"DEBUG=1",
					"$(inherited)",
				);
				INFOPLIST_FILE = "PolygoneTests/PolygoneTests-Info.plist";
				PRODUCT_NAME = "$(TARGET_NAME)";
				TEST_HOST = "$(BUNDLE_LOADER)";
				WRAPPER_EXTENSION = xctest;
			};
			name = Debug;
		};
		6AB861011965542A00E003D3 /* Release */ = {
			isa = XCBuildConfiguration;
			buildSettings = {
				BUNDLE_LOADER = "$(BUILT_PRODUCTS_DIR)/Polygone.app/Polygone";
				FRAMEWORK_SEARCH_PATHS = (
					"$(SDKROOT)/Developer/Library/Frameworks",
					"$(inherited)",
					"$(DEVELOPER_FRAMEWORKS_DIR)",
				);
				GCC_PRECOMPILE_PREFIX_HEADER = YES;
				GCC_PREFIX_HEADER = "Polygone/Polygone-Prefix.pch";
				INFOPLIST_FILE = "PolygoneTests/PolygoneTests-Info.plist";
				PRODUCT_NAME = "$(TARGET_NAME)";
				TEST_HOST = "$(BUNDLE_LOADER)";
				WRAPPER_EXTENSION = xctest;
			};
			name = Release;
		};
/* End XCBuildConfiguration section */

/* Begin XCConfigurationList section */
		6AB860C21965542A00E003D3 /* Build configuration list for PBXProject "Polygone" */ = {
			isa = XCConfigurationList;
			buildConfigurations = (
				6AB860FA1965542A00E003D3 /* Debug */,
				6AB860FB1965542A00E003D3 /* Release */,
			);
			defaultConfigurationIsVisible = 0;
			defaultConfigurationName = Release;
		};
		6AB860FC1965542A00E003D3 /* Build configuration list for PBXNativeTarget "Polygone" */ = {
			isa = XCConfigurationList;
			buildConfigurations = (
				6AB860FD1965542A00E003D3 /* Debug */,
				6AB860FE1965542A00E003D3 /* Release */,
			);
			defaultConfigurationIsVisible = 0;
			defaultConfigurationName = Release;
		};
		6AB860FF1965542A00E003D3 /* Build configuration list for PBXNativeTarget "PolygoneTests" */ = {
			isa = XCConfigurationList;
			buildConfigurations = (
				6AB861001965542A00E003D3 /* Debug */,
				6AB861011965542A00E003D3 /* Release */,
			);
			defaultConfigurationIsVisible = 0;
			defaultConfigurationName = Release;
		};
/* End XCConfigurationList section */
	};
	rootObject = 6AB860BF1965542A00E003D3 /* Project object */;
}
